
Microsoft Visual Studio Solution File, Format Version 12.00
# Visual Studio 2012
Project("{FAE04EC0-301F-11D3-BF4B-00C04F79EFBC}") = "Mso.SignalR", "Mso.SignalR\Mso.SignalR.csproj", "{AAF82BFE-45CC-46C5-9690-0A0339970695}"
EndProject
Project("{FAE04EC0-301F-11D3-BF4B-00C04F79EFBC}") = "TestServer", "TestServer\TestServer.csproj", "{36D92622-F81A-43BB-AE16-CCDBE1AC307B}"
EndProject
Project("{FAE04EC0-301F-11D3-BF4B-00C04F79EFBC}") = "LoadingDll", "LoadingDll\LoadingDll.csproj", "{0C9191A5-24F4-4144-A3B2-0723968E0EDC}"
EndProject
Project("{FAE04EC0-301F-11D3-BF4B-00C04F79EFBC}") = "TestClient", "TestClient\TestClient.csproj", "{10567F9A-B12B-44B2-BBA9-77D96EFF8933}"
EndProject
Project("{FAE04EC0-301F-11D3-BF4B-00C04F79EFBC}") = "MsoPlatform", "MsoPlatform\MsoPlatform.csproj", "{8D904739-0BD6-4049-A147-BB1C7925DF36}"
EndProject
Global
	GlobalSection(SolutionConfigurationPlatforms) = preSolution
		Debug|Any CPU = Debug|Any CPU
		Release|Any CPU = Release|Any CPU
		Debug|x86 = Debug|x86
		Release|x86 = Release|x86
	EndGlobalSection
	GlobalSection(ProjectConfigurationPlatforms) = postSolution
		{0C9191A5-24F4-4144-A3B2-0723968E0EDC}.Debug|Any CPU.ActiveCfg = Debug|x86
		{0C9191A5-24F4-4144-A3B2-0723968E0EDC}.Debug|Any CPU.Build.0 = Debug|x86
		{0C9191A5-24F4-4144-A3B2-0723968E0EDC}.Debug|x86.ActiveCfg = Debug|x86
		{0C9191A5-24F4-4144-A3B2-0723968E0EDC}.Debug|x86.Build.0 = Debug|x86
		{0C9191A5-24F4-4144-A3B2-0723968E0EDC}.Release|Any CPU.ActiveCfg = Release|x86
		{0C9191A5-24F4-4144-A3B2-0723968E0EDC}.Release|Any CPU.Build.0 = Release|x86
		{0C9191A5-24F4-4144-A3B2-0723968E0EDC}.Release|x86.ActiveCfg = Release|x86
		{0C9191A5-24F4-4144-A3B2-0723968E0EDC}.Release|x86.Build.0 = Release|x86
		{10567F9A-B12B-44B2-BBA9-77D96EFF8933}.Debug|Any CPU.ActiveCfg = Debug|Any CPU
		{10567F9A-B12B-44B2-BBA9-77D96EFF8933}.Debug|Any CPU.Build.0 = Debug|Any CPU
		{10567F9A-B12B-44B2-BBA9-77D96EFF8933}.Debug|x86.ActiveCfg = Debug|Any CPU
		{10567F9A-B12B-44B2-BBA9-77D96EFF8933}.Debug|x86.Build.0 = Debug|Any CPU
		{10567F9A-B12B-44B2-BBA9-77D96EFF8933}.Release|Any CPU.ActiveCfg = Release|Any CPU
		{10567F9A-B12B-44B2-BBA9-77D96EFF8933}.Release|Any CPU.Build.0 = Release|Any CPU
		{10567F9A-B12B-44B2-BBA9-77D96EFF8933}.Release|x86.ActiveCfg = Release|Any CPU
		{10567F9A-B12B-44B2-BBA9-77D96EFF8933}.Release|x86.Build.0 = Release|Any CPU
		{36D92622-F81A-43BB-AE16-CCDBE1AC307B}.Debug|Any CPU.ActiveCfg = Debug|Any CPU
		{36D92622-F81A-43BB-AE16-CCDBE1AC307B}.Debug|Any CPU.Build.0 = Debug|Any CPU
		{36D92622-F81A-43BB-AE16-CCDBE1AC307B}.Debug|x86.ActiveCfg = Debug|Any CPU
		{36D92622-F81A-43BB-AE16-CCDBE1AC307B}.Debug|x86.Build.0 = Debug|Any CPU
		{36D92622-F81A-43BB-AE16-CCDBE1AC307B}.Release|Any CPU.ActiveCfg = Release|Any CPU
		{36D92622-F81A-43BB-AE16-CCDBE1AC307B}.Release|Any CPU.Build.0 = Release|Any CPU
		{36D92622-F81A-43BB-AE16-CCDBE1AC307B}.Release|x86.ActiveCfg = Release|Any CPU
		{36D92622-F81A-43BB-AE16-CCDBE1AC307B}.Release|x86.Build.0 = Release|Any CPU
		{8D904739-0BD6-4049-A147-BB1C7925DF36}.Debug|Any CPU.ActiveCfg = Debug|Any CPU
		{8D904739-0BD6-4049-A147-BB1C7925DF36}.Debug|Any CPU.Build.0 = Debug|Any CPU
		{8D904739-0BD6-4049-A147-BB1C7925DF36}.Debug|x86.ActiveCfg = Debug|Any CPU
		{8D904739-0BD6-4049-A147-BB1C7925DF36}.Debug|x86.Build.0 = Debug|Any CPU
		{8D904739-0BD6-4049-A147-BB1C7925DF36}.Release|Any CPU.ActiveCfg = Release|Any CPU
		{8D904739-0BD6-4049-A147-BB1C7925DF36}.Release|Any CPU.Build.0 = Release|Any CPU
		{8D904739-0BD6-4049-A147-BB1C7925DF36}.Release|x86.ActiveCfg = Release|Any CPU
		{8D904739-0BD6-4049-A147-BB1C7925DF36}.Release|x86.Build.0 = Release|Any CPU
		{AAF82BFE-45CC-46C5-9690-0A0339970695}.Debug|Any CPU.ActiveCfg = Debug|Any CPU
		{AAF82BFE-45CC-46C5-9690-0A0339970695}.Debug|Any CPU.Build.0 = Debug|Any CPU
		{AAF82BFE-45CC-46C5-9690-0A0339970695}.Debug|x86.ActiveCfg = Debug|Any CPU
		{AAF82BFE-45CC-46C5-9690-0A0339970695}.Debug|x86.Build.0 = Debug|Any CPU
		{AAF82BFE-45CC-46C5-9690-0A0339970695}.Release|Any CPU.ActiveCfg = Release|Any CPU
		{AAF82BFE-45CC-46C5-9690-0A0339970695}.Release|Any CPU.Build.0 = Release|Any CPU
		{AAF82BFE-45CC-46C5-9690-0A0339970695}.Release|x86.ActiveCfg = Release|Any CPU
		{AAF82BFE-45CC-46C5-9690-0A0339970695}.Release|x86.Build.0 = Release|Any CPU
	EndGlobalSection
	GlobalSection(MonoDevelopProperties) = preSolution
		Policies = $0
		$0.DotNetNamingPolicy = $1
		$1.DirectoryNamespaceAssociation = None
		$1.ResourceNamePolicy = FileFormatDefault
		$0.TextStylePolicy = $2
		$2.EolMarker = Unix
		$2.inheritsSet = VisualStudio
		$2.inheritsScope = text/plain
		$2.scope = text/x-csharp
		$0.CSharpFormattingPolicy = $3
		$3.IndentSwitchBody = True
		$3.AnonymousMethodBraceStyle = NextLine
		$3.PropertyBraceStyle = NextLine
		$3.PropertyGetBraceStyle = NextLine
		$3.PropertySetBraceStyle = NextLine
		$3.EventBraceStyle = NextLine
		$3.EventAddBraceStyle = NextLine
		$3.EventRemoveBraceStyle = NextLine
		$3.StatementBraceStyle = NextLine
		$3.ElseNewLinePlacement = NewLine
		$3.CatchNewLinePlacement = NewLine
		$3.FinallyNewLinePlacement = NewLine
		$3.WhileNewLinePlacement = DoNotCare
		$3.ArrayInitializerWrapping = DoNotChange
		$3.ArrayInitializerBraceStyle = NextLine
		$3.BeforeMethodDeclarationParentheses = False
		$3.BeforeMethodCallParentheses = False
		$3.BeforeConstructorDeclarationParentheses = False
		$3.NewLineBeforeConstructorInitializerColon = NewLine
		$3.NewLineAfterConstructorInitializerColon = SameLine
		$3.BeforeDelegateDeclarationParentheses = False
		$3.NewParentheses = False
		$3.SpacesBeforeBrackets = False
		$3.inheritsSet = Mono
		$3.inheritsScope = text/x-csharp
		$3.scope = text/x-csharp
		$0.TextStylePolicy = $4
		$4.FileWidth = 120
		$4.EolMarker = Unix
		$4.inheritsSet = VisualStudio
		$4.inheritsScope = text/plain
		$4.scope = text/plain
	EndGlobalSection
EndGlobal
