
Microsoft Visual Studio Solution File, Format Version 12.00
# Visual Studio 2012
Project("{2150E333-8FDC-42A3-9474-1A3956D46DE8}") = "SolutionFolder", "SolutionFolder", "{E8407158-0DCA-4DD5-AF7A-D0D22B6B0A6F}"
EndProject
Project("{FAE04EC0-301F-11D3-BF4B-00C04F79EFBC}") = "TestProject", "TestProject\TestProject.csproj", "{8F236C80-E7B3-4883-AADB-C9D4F021074E}"
EndProject
Project("{FAE04EC0-301F-11D3-BF4B-00C04F79EFBC}") = "CSharpProject", "CSharpProject\CSharpProject.csproj", "{D8ADE1E4-23AE-40B9-9937-447E6A960718}"
EndProject
Global
	GlobalSection(SolutionConfigurationPlatforms) = preSolution
		Debug|x86 = Debug|x86
		Release|x86 = Release|x86
	EndGlobalSection
	GlobalSection(ProjectConfigurationPlatforms) = postSolution
		{8F236C80-E7B3-4883-AADB-C9D4F021074E}.Debug|x86.ActiveCfg = Debug|x86
		{8F236C80-E7B3-4883-AADB-C9D4F021074E}.Debug|x86.Build.0 = Debug|x86
		{8F236C80-E7B3-4883-AADB-C9D4F021074E}.Release|x86.ActiveCfg = Release|x86
		{8F236C80-E7B3-4883-AADB-C9D4F021074E}.Release|x86.Build.0 = Release|x86
		{D8ADE1E4-23AE-40B9-9937-447E6A960718}.Debug|x86.ActiveCfg = Debug|x86
		{D8ADE1E4-23AE-40B9-9937-447E6A960718}.Debug|x86.Build.0 = Debug|x86
		{D8ADE1E4-23AE-40B9-9937-447E6A960718}.Release|x86.ActiveCfg = Release|x86
		{D8ADE1E4-23AE-40B9-9937-447E6A960718}.Release|x86.Build.0 = Release|x86
	EndGlobalSection
	GlobalSection(NestedProjects) = preSolution
		{8F236C80-E7B3-4883-AADB-C9D4F021074E} = {E8407158-0DCA-4DD5-AF7A-D0D22B6B0A6F}
	EndGlobalSection
EndGlobal
